
Microsoft Visual Studio Solution File, Format Version 12.00
# Visual Studio Version 17
VisualStudioVersion = 17.7.34024.191
MinimumVisualStudioVersion = 10.0.40219.1
Project("{FAE04EC0-301F-11D3-BF4B-00C04F79EFBC}") = "IMDBDataImporter", "IMDBDataImporter\IMDBDataImporter.csproj", "{AEA07623-D833-486B-BB36-AE5A3F073E14}"
EndProject
Global
	GlobalSection(SolutionConfigurationPlatforms) = preSolution
		Debug|Any CPU = Debug|Any CPU
		Release|Any CPU = Release|Any CPU
	EndGlobalSection
	GlobalSection(ProjectConfigurationPlatforms) = postSolution
		{AEA07623-D833-486B-BB36-AE5A3F073E14}.Debug|Any CPU.ActiveCfg = Debug|Any CPU
		{AEA07623-D833-486B-BB36-AE5A3F073E14}.Debug|Any CPU.Build.0 = Debug|Any CPU
		{AEA07623-D833-486B-BB36-AE5A3F073E14}.Release|Any CPU.ActiveCfg = Release|Any CPU
		{AEA07623-D833-486B-BB36-AE5A3F073E14}.Release|Any CPU.Build.0 = Release|Any CPU
	EndGlobalSection
	GlobalSection(SolutionProperties) = preSolution
		HideSolutionNode = FALSE
	EndGlobalSection
	GlobalSection(ExtensibilityGlobals) = postSolution
		SolutionGuid = {E7107729-6533-44FB-9B71-EF3488345A0F}
	EndGlobalSection
EndGlobal
